
Microsoft Visual Studio Solution File, Format Version 12.00
# Visual Studio Version 16
VisualStudioVersion = 16.0.31729.503
MinimumVisualStudioVersion = 10.0.40219.1
Project("{FAE04EC0-301F-11D3-BF4B-00C04F79EFBC}") = "Cash Calc v2", "Cash Calc v2.csproj", "{C2877D74-A04A-4E68-8D58-439FA14D536F}"
EndProject
Global
	GlobalSection(SolutionConfigurationPlatforms) = preSolution
		Debug|Any CPU = Debug|Any CPU
		Release|Any CPU = Release|Any CPU
	EndGlobalSection
	GlobalSection(ProjectConfigurationPlatforms) = postSolution
		{C2877D74-A04A-4E68-8D58-439FA14D536F}.Debug|Any CPU.ActiveCfg = Debug|Any CPU
		{C2877D74-A04A-4E68-8D58-439FA14D536F}.Debug|Any CPU.Build.0 = Debug|Any CPU
		{C2877D74-A04A-4E68-8D58-439FA14D536F}.Release|Any CPU.ActiveCfg = Release|Any CPU
		{C2877D74-A04A-4E68-8D58-439FA14D536F}.Release|Any CPU.Build.0 = Release|Any CPU
	EndGlobalSection
	GlobalSection(SolutionProperties) = preSolution
		HideSolutionNode = FALSE
	EndGlobalSection
	GlobalSection(ExtensibilityGlobals) = postSolution
		SolutionGuid = {3A3A9837-CEB6-4C4A-9DD6-655CFA734284}
	EndGlobalSection
EndGlobal
